
Microsoft Visual Studio Solution File, Format Version 12.00
# Visual Studio Version 17
VisualStudioVersion = 17.4.33110.190
MinimumVisualStudioVersion = 10.0.40219.1
Project("{FAE04EC0-301F-11D3-BF4B-00C04F79EFBC}") = "Etour", "Etour.csproj", "{A86D6D98-3AD9-478A-9454-526E1DA8BE2B}"
EndProject
Global
	GlobalSection(SolutionConfigurationPlatforms) = preSolution
		Debug|Any CPU = Debug|Any CPU
		Release|Any CPU = Release|Any CPU
	EndGlobalSection
	GlobalSection(ProjectConfigurationPlatforms) = postSolution
		{A86D6D98-3AD9-478A-9454-526E1DA8BE2B}.Debug|Any CPU.ActiveCfg = Debug|Any CPU
		{A86D6D98-3AD9-478A-9454-526E1DA8BE2B}.Debug|Any CPU.Build.0 = Debug|Any CPU
		{A86D6D98-3AD9-478A-9454-526E1DA8BE2B}.Release|Any CPU.ActiveCfg = Release|Any CPU
		{A86D6D98-3AD9-478A-9454-526E1DA8BE2B}.Release|Any CPU.Build.0 = Release|Any CPU
	EndGlobalSection
	GlobalSection(SolutionProperties) = preSolution
		HideSolutionNode = FALSE
	EndGlobalSection
	GlobalSection(ExtensibilityGlobals) = postSolution
		SolutionGuid = {812194C3-3F3F-47B5-A1D3-C0AB6632F018}
	EndGlobalSection
EndGlobal
